// !$*UTF8*$!
{
	archiveVersion = 1;
	classes = {
	};
	objectVersion = 50;
	objects = {

/* Begin PBXBuildFile section */
		009428AB24A836C800BAE051 /* ImageLoader.swift in Sources */ = {isa = PBXBuildFile; fileRef = 009428AA24A836C800BAE051 /* ImageLoader.swift */; };
		009428AD24A8387000BAE051 /* MovieBackdropCard.swift in Sources */ = {isa = PBXBuildFile; fileRef = 009428AC24A8387000BAE051 /* MovieBackdropCard.swift */; };
		0098CE9B24A9D30600A21E2D /* MovieDetailState.swift in Sources */ = {isa = PBXBuildFile; fileRef = 0098CE9A24A9D30600A21E2D /* MovieDetailState.swift */; };
		0098CE9D24A9D41700A21E2D /* MovieDetailView.swift in Sources */ = {isa = PBXBuildFile; fileRef = 0098CE9C24A9D41700A21E2D /* MovieDetailView.swift */; };
		00C1A4F524A8B20100345776 /* MovieBackdropCarouselView.swift in Sources */ = {isa = PBXBuildFile; fileRef = 00C1A4F424A8B20100345776 /* MovieBackdropCarouselView.swift */; };
		00C1A4F724A8BA4800345776 /* MoviePosterCard.swift in Sources */ = {isa = PBXBuildFile; fileRef = 00C1A4F624A8BA4800345776 /* MoviePosterCard.swift */; };
		00C1A4F924A8BD9500345776 /* MoviePosterCarouselView.swift in Sources */ = {isa = PBXBuildFile; fileRef = 00C1A4F824A8BD9500345776 /* MoviePosterCarouselView.swift */; };
		00C1A4FB24A8BF0B00345776 /* MovieListState.swift in Sources */ = {isa = PBXBuildFile; fileRef = 00C1A4FA24A8BF0B00345776 /* MovieListState.swift */; };
		00C1A4FE24A8C1AF00345776 /* ActivityIndicatorView.swift in Sources */ = {isa = PBXBuildFile; fileRef = 00C1A4FD24A8C1AF00345776 /* ActivityIndicatorView.swift */; };
		00C1A50024A8C2E200345776 /* LoadingView.swift in Sources */ = {isa = PBXBuildFile; fileRef = 00C1A4FF24A8C2E200345776 /* LoadingView.swift */; };
		00C1A50224A8C5AF00345776 /* MovieListView.swift in Sources */ = {isa = PBXBuildFile; fileRef = 00C1A50124A8C5AF00345776 /* MovieListView.swift */; };
		00F997EB24A75F8700454B9B /* AppDelegate.swift in Sources */ = {isa = PBXBuildFile; fileRef = 00F997EA24A75F8700454B9B /* AppDelegate.swift */; };
		00F997ED24A75F8700454B9B /* SceneDelegate.swift in Sources */ = {isa = PBXBuildFile; fileRef = 00F997EC24A75F8700454B9B /* SceneDelegate.swift */; };
		00F997EF24A75F8700454B9B /* ContentView.swift in Sources */ = {isa = PBXBuildFile; fileRef = 00F997EE24A75F8700454B9B /* ContentView.swift */; };
		00F997F124A75F8900454B9B /* Assets.xcassets in Resources */ = {isa = PBXBuildFile; fileRef = 00F997F024A75F8900454B9B /* Assets.xcassets */; };
		00F997F424A75F8900454B9B /* Preview Assets.xcassets in Resources */ = {isa = PBXBuildFile; fileRef = 00F997F324A75F8900454B9B /* Preview Assets.xcassets */; };
		00F997F724A75F8900454B9B /* LaunchScreen.storyboard in Resources */ = {isa = PBXBuildFile; fileRef = 00F997F524A75F8900454B9B /* LaunchScreen.storyboard */; };
		00F9980024A766B600454B9B /* Movie.swift in Sources */ = {isa = PBXBuildFile; fileRef = 00F997FF24A766B600454B9B /* Movie.swift */; };
		00F9980324A7677400454B9B /* MovieService.swift in Sources */ = {isa = PBXBuildFile; fileRef = 00F9980224A7677400454B9B /* MovieService.swift */; };
		00F9980524A76A8B00454B9B /* MovieStore.swift in Sources */ = {isa = PBXBuildFile; fileRef = 00F9980424A76A8B00454B9B /* MovieStore.swift */; };
		00F9980924A76CF200454B9B /* Utils.swift in Sources */ = {isa = PBXBuildFile; fileRef = 00F9980824A76CF200454B9B /* Utils.swift */; };
		00F9980B24A775AE00454B9B /* Movie+Stub.swift in Sources */ = {isa = PBXBuildFile; fileRef = 00F9980A24A775AE00454B9B /* Movie+Stub.swift */; };
		00F9981024A7761800454B9B /* movie_info.json in Resources */ = {isa = PBXBuildFile; fileRef = 00F9980D24A7761800454B9B /* movie_info.json */; };
		00F9981124A7761800454B9B /* movie_list.json in Resources */ = {isa = PBXBuildFile; fileRef = 00F9980E24A7761800454B9B /* movie_list.json */; };
		00F9981224A7761800454B9B /* search_movie.json in Resources */ = {isa = PBXBuildFile; fileRef = 00F9980F24A7761800454B9B /* search_movie.json */; };
/* End PBXBuildFile section */

/* Begin PBXFileReference section */
		009428AA24A836C800BAE051 /* ImageLoader.swift */ = {isa = PBXFileReference; lastKnownFileType = sourcecode.swift; path = ImageLoader.swift; sourceTree = "<group>"; };
		009428AC24A8387000BAE051 /* MovieBackdropCard.swift */ = {isa = PBXFileReference; lastKnownFileType = sourcecode.swift; path = MovieBackdropCard.swift; sourceTree = "<group>"; };
		0098CE9A24A9D30600A21E2D /* MovieDetailState.swift */ = {isa = PBXFileReference; lastKnownFileType = sourcecode.swift; path = MovieDetailState.swift; sourceTree = "<group>"; };
		0098CE9C24A9D41700A21E2D /* MovieDetailView.swift */ = {isa = PBXFileReference; lastKnownFileType = sourcecode.swift; path = MovieDetailView.swift; sourceTree = "<group>"; };
		00C1A4F424A8B20100345776 /* MovieBackdropCarouselView.swift */ = {isa = PBXFileReference; lastKnownFileType = sourcecode.swift; path = MovieBackdropCarouselView.swift; sourceTree = "<group>"; };
		00C1A4F624A8BA4800345776 /* MoviePosterCard.swift */ = {isa = PBXFileReference; lastKnownFileType = sourcecode.swift; path = MoviePosterCard.swift; sourceTree = "<group>"; };
		00C1A4F824A8BD9500345776 /* MoviePosterCarouselView.swift */ = {isa = PBXFileReference; lastKnownFileType = sourcecode.swift; path = MoviePosterCarouselView.swift; sourceTree = "<group>"; };
		00C1A4FA24A8BF0B00345776 /* MovieListState.swift */ = {isa = PBXFileReference; lastKnownFileType = sourcecode.swift; path = MovieListState.swift; sourceTree = "<group>"; };
		00C1A4FD24A8C1AF00345776 /* ActivityIndicatorView.swift */ = {isa = PBXFileReference; lastKnownFileType = sourcecode.swift; path = ActivityIndicatorView.swift; sourceTree = "<group>"; };
		00C1A4FF24A8C2E200345776 /* LoadingView.swift */ = {isa = PBXFileReference; lastKnownFileType = sourcecode.swift; path = LoadingView.swift; sourceTree = "<group>"; };
		00C1A50124A8C5AF00345776 /* MovieListView.swift */ = {isa = PBXFileReference; lastKnownFileType = sourcecode.swift; path = MovieListView.swift; sourceTree = "<group>"; };
		00F997E724A75F8700454B9B /* SwiftUIMovieApps.app */ = {isa = PBXFileReference; explicitFileType = wrapper.application; includeInIndex = 0; path = SwiftUIMovieApps.app; sourceTree = BUILT_PRODUCTS_DIR; };
		00F997EA24A75F8700454B9B /* AppDelegate.swift */ = {isa = PBXFileReference; lastKnownFileType = sourcecode.swift; path = AppDelegate.swift; sourceTree = "<group>"; };
		00F997EC24A75F8700454B9B /* SceneDelegate.swift */ = {isa = PBXFileReference; lastKnownFileType = sourcecode.swift; path = SceneDelegate.swift; sourceTree = "<group>"; };
		00F997EE24A75F8700454B9B /* ContentView.swift */ = {isa = PBXFileReference; lastKnownFileType = sourcecode.swift; path = ContentView.swift; sourceTree = "<group>"; };
		00F997F024A75F8900454B9B /* Assets.xcassets */ = {isa = PBXFileReference; lastKnownFileType = folder.assetcatalog; path = Assets.xcassets; sourceTree = "<group>"; };
		00F997F324A75F8900454B9B /* Preview Assets.xcassets */ = {isa = PBXFileReference; lastKnownFileType = folder.assetcatalog; path = "Preview Assets.xcassets"; sourceTree = "<group>"; };
		00F997F624A75F8900454B9B /* Base */ = {isa = PBXFileReference; lastKnownFileType = file.storyboard; name = Base; path = Base.lproj/LaunchScreen.storyboard; sourceTree = "<group>"; };
		00F997F824A75F8900454B9B /* Info.plist */ = {isa = PBXFileReference; lastKnownFileType = text.plist.xml; path = Info.plist; sourceTree = "<group>"; };
		00F997FF24A766B600454B9B /* Movie.swift */ = {isa = PBXFileReference; lastKnownFileType = sourcecode.swift; path = Movie.swift; sourceTree = "<group>"; };
		00F9980224A7677400454B9B /* MovieService.swift */ = {isa = PBXFileReference; lastKnownFileType = sourcecode.swift; path = MovieService.swift; sourceTree = "<group>"; };
		00F9980424A76A8B00454B9B /* MovieStore.swift */ = {isa = PBXFileReference; lastKnownFileType = sourcecode.swift; path = MovieStore.swift; sourceTree = "<group>"; };
		00F9980824A76CF200454B9B /* Utils.swift */ = {isa = PBXFileReference; lastKnownFileType = sourcecode.swift; path = Utils.swift; sourceTree = "<group>"; };
		00F9980A24A775AE00454B9B /* Movie+Stub.swift */ = {isa = PBXFileReference; lastKnownFileType = sourcecode.swift; path = "Movie+Stub.swift"; sourceTree = "<group>"; };
		00F9980D24A7761800454B9B /* movie_info.json */ = {isa = PBXFileReference; fileEncoding = 4; lastKnownFileType = text.json; name = movie_info.json; path = "../../../../../../Downloads/SwiftUITMDbV2-master/SwiftUIMovieDb/Resources/movie_info.json"; sourceTree = "<group>"; };
		00F9980E24A7761800454B9B /* movie_list.json */ = {isa = PBXFileReference; fileEncoding = 4; lastKnownFileType = text.json; name = movie_list.json; path = "../../../../../../Downloads/SwiftUITMDbV2-master/SwiftUIMovieDb/Resources/movie_list.json"; sourceTree = "<group>"; };
		00F9980F24A7761800454B9B /* search_movie.json */ = {isa = PBXFileReference; fileEncoding = 4; lastKnownFileType = text.json; name = search_movie.json; path = "../../../../../../Downloads/SwiftUITMDbV2-master/SwiftUIMovieDb/Resources/search_movie.json"; sourceTree = "<group>"; };
/* End PBXFileReference section */

/* Begin PBXFrameworksBuildPhase section */
		00F997E424A75F8700454B9B /* Frameworks */ = {
			isa = PBXFrameworksBuildPhase;
			buildActionMask = 2147483647;
			files = (
			);
			runOnlyForDeploymentPostprocessing = 0;
		};
/* End PBXFrameworksBuildPhase section */

/* Begin PBXGroup section */
		009428A824A836AC00BAE051 /* Views */ = {
			isa = PBXGroup;
			children = (
				00C1A4FC24A8C19D00345776 /* UIKitViews */,
				009428AC24A8387000BAE051 /* MovieBackdropCard.swift */,
				00C1A4F424A8B20100345776 /* MovieBackdropCarouselView.swift */,
				00C1A4F624A8BA4800345776 /* MoviePosterCard.swift */,
				00C1A4F824A8BD9500345776 /* MoviePosterCarouselView.swift */,
				00C1A4FF24A8C2E200345776 /* LoadingView.swift */,
				00C1A50124A8C5AF00345776 /* MovieListView.swift */,
				0098CE9C24A9D41700A21E2D /* MovieDetailView.swift */,
			);
			path = Views;
			sourceTree = "<group>";
		};
		009428A924A836BA00BAE051 /* Bindings */ = {
			isa = PBXGroup;
			children = (
				009428AA24A836C800BAE051 /* ImageLoader.swift */,
				00C1A4FA24A8BF0B00345776 /* MovieListState.swift */,
				0098CE9A24A9D30600A21E2D /* MovieDetailState.swift */,
			);
			path = Bindings;
			sourceTree = "<group>";
		};
		00C1A4FC24A8C19D00345776 /* UIKitViews */ = {
			isa = PBXGroup;
			children = (
				00C1A4FD24A8C1AF00345776 /* ActivityIndicatorView.swift */,
			);
			path = UIKitViews;
			sourceTree = "<group>";
		};
		00F997DE24A75F8700454B9B = {
			isa = PBXGroup;
			children = (
				00F997E924A75F8700454B9B /* SwiftUIMovieApps */,
				00F997E824A75F8700454B9B /* Products */,
			);
			sourceTree = "<group>";
		};
		00F997E824A75F8700454B9B /* Products */ = {
			isa = PBXGroup;
			children = (
				00F997E724A75F8700454B9B /* SwiftUIMovieApps.app */,
			);
			name = Products;
			sourceTree = "<group>";
		};
		00F997E924A75F8700454B9B /* SwiftUIMovieApps */ = {
			isa = PBXGroup;
			children = (
				009428A924A836BA00BAE051 /* Bindings */,
				009428A824A836AC00BAE051 /* Views */,
				00F9980C24A775F900454B9B /* Resources */,
				00F9980724A76CD600454B9B /* Helpers */,
				00F9980624A76CB200454B9B /* Core */,
				00F9980124A7675B00454B9B /* Services */,
				00F997FE24A766A500454B9B /* Models */,
				00F997EE24A75F8700454B9B /* ContentView.swift */,
				00F997F024A75F8900454B9B /* Assets.xcassets */,
				00F997F524A75F8900454B9B /* LaunchScreen.storyboard */,
				00F997F824A75F8900454B9B /* Info.plist */,
				00F997F224A75F8900454B9B /* Preview Content */,
			);
			path = SwiftUIMovieApps;
			sourceTree = "<group>";
		};
		00F997F224A75F8900454B9B /* Preview Content */ = {
			isa = PBXGroup;
			children = (
				00F997F324A75F8900454B9B /* Preview Assets.xcassets */,
			);
			path = "Preview Content";
			sourceTree = "<group>";
		};
		00F997FE24A766A500454B9B /* Models */ = {
			isa = PBXGroup;
			children = (
				00F997FF24A766B600454B9B /* Movie.swift */,
				00F9980A24A775AE00454B9B /* Movie+Stub.swift */,
			);
			path = Models;
			sourceTree = "<group>";
		};
		00F9980124A7675B00454B9B /* Services */ = {
			isa = PBXGroup;
			children = (
				00F9980224A7677400454B9B /* MovieService.swift */,
				00F9980424A76A8B00454B9B /* MovieStore.swift */,
			);
			path = Services;
			sourceTree = "<group>";
		};
		00F9980624A76CB200454B9B /* Core */ = {
			isa = PBXGroup;
			children = (
				00F997EA24A75F8700454B9B /* AppDelegate.swift */,
				00F997EC24A75F8700454B9B /* SceneDelegate.swift */,
			);
			path = Core;
			sourceTree = "<group>";
		};
		00F9980724A76CD600454B9B /* Helpers */ = {
			isa = PBXGroup;
			children = (
				00F9980824A76CF200454B9B /* Utils.swift */,
			);
			path = Helpers;
			sourceTree = "<group>";
		};
		00F9980C24A775F900454B9B /* Resources */ = {
			isa = PBXGroup;
			children = (
				00F9980D24A7761800454B9B /* movie_info.json */,
				00F9980E24A7761800454B9B /* movie_list.json */,
				00F9980F24A7761800454B9B /* search_movie.json */,
			);
			path = Resources;
			sourceTree = "<group>";
		};
/* End PBXGroup section */

/* Begin PBXNativeTarget section */
		00F997E624A75F8700454B9B /* SwiftUIMovieApps */ = {
			isa = PBXNativeTarget;
			buildConfigurationList = 00F997FB24A75F8900454B9B /* Build configuration list for PBXNativeTarget "SwiftUIMovieApps" */;
			buildPhases = (
				00F997E324A75F8700454B9B /* Sources */,
				00F997E424A75F8700454B9B /* Frameworks */,
				00F997E524A75F8700454B9B /* Resources */,
			);
			buildRules = (
			);
			dependencies = (
			);
			name = SwiftUIMovieApps;
			productName = SwiftUIMovieApps;
			productReference = 00F997E724A75F8700454B9B /* SwiftUIMovieApps.app */;
			productType = "com.apple.product-type.application";
		};
/* End PBXNativeTarget section */

/* Begin PBXProject section */
		00F997DF24A75F8700454B9B /* Project object */ = {
			isa = PBXProject;
			attributes = {
				LastSwiftUpdateCheck = 1130;
				LastUpgradeCheck = 1130;
				ORGANIZATIONNAME = Codingtive;
				TargetAttributes = {
					00F997E624A75F8700454B9B = {
						CreatedOnToolsVersion = 11.3.1;
					};
				};
			};
			buildConfigurationList = 00F997E224A75F8700454B9B /* Build configuration list for PBXProject "SwiftUIMovieApps" */;
			compatibilityVersion = "Xcode 9.3";
			developmentRegion = en;
			hasScannedForEncodings = 0;
			knownRegions = (
				en,
				Base,
			);
			mainGroup = 00F997DE24A75F8700454B9B;
			productRefGroup = 00F997E824A75F8700454B9B /* Products */;
			projectDirPath = "";
			projectRoot = "";
			targets = (
				00F997E624A75F8700454B9B /* SwiftUIMovieApps */,
			);
		};
/* End PBXProject section */

/* Begin PBXResourcesBuildPhase section */
		00F997E524A75F8700454B9B /* Resources */ = {
			isa = PBXResourcesBuildPhase;
			buildActionMask = 2147483647;
			files = (
				00F9981224A7761800454B9B /* search_movie.json in Resources */,
				00F997F724A75F8900454B9B /* LaunchScreen.storyboard in Resources */,
				00F997F424A75F8900454B9B /* Preview Assets.xcassets in Resources */,
				00F9981024A7761800454B9B /* movie_info.json in Resources */,
				00F9981124A7761800454B9B /* movie_list.json in Resources */,
				00F997F124A75F8900454B9B /* Assets.xcassets in Resources */,
			);
			runOnlyForDeploymentPostprocessing = 0;
		};
/* End PBXResourcesBuildPhase section */

/* Begin PBXSourcesBuildPhase section */
		00F997E324A75F8700454B9B /* Sources */ = {
			isa = PBXSourcesBuildPhase;
			buildActionMask = 2147483647;
			files = (
				00C1A4F524A8B20100345776 /* MovieBackdropCarouselView.swift in Sources */,
				00F997EB24A75F8700454B9B /* AppDelegate.swift in Sources */,
				00F997ED24A75F8700454B9B /* SceneDelegate.swift in Sources */,
				0098CE9B24A9D30600A21E2D /* MovieDetailState.swift in Sources */,
				00C1A50224A8C5AF00345776 /* MovieListView.swift in Sources */,
				00C1A4F724A8BA4800345776 /* MoviePosterCard.swift in Sources */,
				009428AD24A8387000BAE051 /* MovieBackdropCard.swift in Sources */,
				00C1A50024A8C2E200345776 /* LoadingView.swift in Sources */,
				00F9980024A766B600454B9B /* Movie.swift in Sources */,
				00C1A4FE24A8C1AF00345776 /* ActivityIndicatorView.swift in Sources */,
				00C1A4FB24A8BF0B00345776 /* MovieListState.swift in Sources */,
				00F9980924A76CF200454B9B /* Utils.swift in Sources */,
				00F997EF24A75F8700454B9B /* ContentView.swift in Sources */,
				009428AB24A836C800BAE051 /* ImageLoader.swift in Sources */,
				00F9980B24A775AE00454B9B /* Movie+Stub.swift in Sources */,
				00F9980524A76A8B00454B9B /* MovieStore.swift in Sources */,
				0098CE9D24A9D41700A21E2D /* MovieDetailView.swift in Sources */,
				00F9980324A7677400454B9B /* MovieService.swift in Sources */,
				00C1A4F924A8BD9500345776 /* MoviePosterCarouselView.swift in Sources */,
			);
			runOnlyForDeploymentPostprocessing = 0;
		};
/* End PBXSourcesBuildPhase section */

/* Begin PBXVariantGroup section */
		00F997F524A75F8900454B9B /* LaunchScreen.storyboard */ = {
			isa = PBXVariantGroup;
			children = (
				00F997F624A75F8900454B9B /* Base */,
			);
			name = LaunchScreen.storyboard;
			sourceTree = "<group>";
		};
/* End PBXVariantGroup section */

/* Begin XCBuildConfiguration section */
		00F997F924A75F8900454B9B /* Debug */ = {
			isa = XCBuildConfiguration;
			buildSettings = {
				ALWAYS_SEARCH_USER_PATHS = NO;
				CLANG_ANALYZER_NONNULL = YES;
				CLANG_ANALYZER_NUMBER_OBJECT_CONVERSION = YES_AGGRESSIVE;
				CLANG_CXX_LANGUAGE_STANDARD = "gnu++14";
				CLANG_CXX_LIBRARY = "libc++";
				CLANG_ENABLE_MODULES = YES;
				CLANG_ENABLE_OBJC_ARC = YES;
				CLANG_ENABLE_OBJC_WEAK = YES;
				CLANG_WARN_BLOCK_CAPTURE_AUTORELEASING = YES;
				CLANG_WARN_BOOL_CONVERSION = YES;
				CLANG_WARN_COMMA = YES;
				CLANG_WARN_CONSTANT_CONVERSION = YES;
				CLANG_WARN_DEPRECATED_OBJC_IMPLEMENTATIONS = YES;
				CLANG_WARN_DIRECT_OBJC_ISA_USAGE = YES_ERROR;
				CLANG_WARN_DOCUMENTATION_COMMENTS = YES;
				CLANG_WARN_EMPTY_BODY = YES;
				CLANG_WARN_ENUM_CONVERSION = YES;
				CLANG_WARN_INFINITE_RECURSION = YES;
				CLANG_WARN_INT_CONVERSION = YES;
				CLANG_WARN_NON_LITERAL_NULL_CONVERSION = YES;
				CLANG_WARN_OBJC_IMPLICIT_RETAIN_SELF = YES;
				CLANG_WARN_OBJC_LITERAL_CONVERSION = YES;
				CLANG_WARN_OBJC_ROOT_CLASS = YES_ERROR;
				CLANG_WARN_RANGE_LOOP_ANALYSIS = YES;
				CLANG_WARN_STRICT_PROTOTYPES = YES;
				CLANG_WARN_SUSPICIOUS_MOVE = YES;
				CLANG_WARN_UNGUARDED_AVAILABILITY = YES_AGGRESSIVE;
				CLANG_WARN_UNREACHABLE_CODE = YES;
				CLANG_WARN__DUPLICATE_METHOD_MATCH = YES;
				COPY_PHASE_STRIP = NO;
				DEBUG_INFORMATION_FORMAT = dwarf;
				ENABLE_STRICT_OBJC_MSGSEND = YES;
				ENABLE_TESTABILITY = YES;
				GCC_C_LANGUAGE_STANDARD = gnu11;
				GCC_DYNAMIC_NO_PIC = NO;
				GCC_NO_COMMON_BLOCKS = YES;
				GCC_OPTIMIZATION_LEVEL = 0;
				GCC_PREPROCESSOR_DEFINITIONS = (
					"DEBUG=1",
					"$(inherited)",
				);
				GCC_WARN_64_TO_32_BIT_CONVERSION = YES;
				GCC_WARN_ABOUT_RETURN_TYPE = YES_ERROR;
				GCC_WARN_UNDECLARED_SELECTOR = YES;
				GCC_WARN_UNINITIALIZED_AUTOS = YES_AGGRESSIVE;
				GCC_WARN_UNUSED_FUNCTION = YES;
				GCC_WARN_UNUSED_VARIABLE = YES;
				IPHONEOS_DEPLOYMENT_TARGET = 13.2;
				MTL_ENABLE_DEBUG_INFO = INCLUDE_SOURCE;
				MTL_FAST_MATH = YES;
				ONLY_ACTIVE_ARCH = YES;
				SDKROOT = iphoneos;
				SWIFT_ACTIVE_COMPILATION_CONDITIONS = DEBUG;
				SWIFT_OPTIMIZATION_LEVEL = "-Onone";
			};
			name = Debug;
		};
		00F997FA24A75F8900454B9B /* Release */ = {
			isa = XCBuildConfiguration;
			buildSettings = {
				ALWAYS_SEARCH_USER_PATHS = NO;
				CLANG_ANALYZER_NONNULL = YES;
				CLANG_ANALYZER_NUMBER_OBJECT_CONVERSION = YES_AGGRESSIVE;
				CLANG_CXX_LANGUAGE_STANDARD = "gnu++14";
				CLANG_CXX_LIBRARY = "libc++";
				CLANG_ENABLE_MODULES = YES;
				CLANG_ENABLE_OBJC_ARC = YES;
				CLANG_ENABLE_OBJC_WEAK = YES;
				CLANG_WARN_BLOCK_CAPTURE_AUTORELEASING = YES;
				CLANG_WARN_BOOL_CONVERSION = YES;
				CLANG_WARN_COMMA = YES;
				CLANG_WARN_CONSTANT_CONVERSION = YES;
				CLANG_WARN_DEPRECATED_OBJC_IMPLEMENTATIONS = YES;
				CLANG_WARN_DIRECT_OBJC_ISA_USAGE = YES_ERROR;
				CLANG_WARN_DOCUMENTATION_COMMENTS = YES;
				CLANG_WARN_EMPTY_BODY = YES;
				CLANG_WARN_ENUM_CONVERSION = YES;
				CLANG_WARN_INFINITE_RECURSION = YES;
				CLANG_WARN_INT_CONVERSION = YES;
				CLANG_WARN_NON_LITERAL_NULL_CONVERSION = YES;
				CLANG_WARN_OBJC_IMPLICIT_RETAIN_SELF = YES;
				CLANG_WARN_OBJC_LITERAL_CONVERSION = YES;
				CLANG_WARN_OBJC_ROOT_CLASS = YES_ERROR;
				CLANG_WARN_RANGE_LOOP_ANALYSIS = YES;
				CLANG_WARN_STRICT_PROTOTYPES = YES;
				CLANG_WARN_SUSPICIOUS_MOVE = YES;
				CLANG_WARN_UNGUARDED_AVAILABILITY = YES_AGGRESSIVE;
				CLANG_WARN_UNREACHABLE_CODE = YES;
				CLANG_WARN__DUPLICATE_METHOD_MATCH = YES;
				COPY_PHASE_STRIP = NO;
				DEBUG_INFORMATION_FORMAT = "dwarf-with-dsym";
				ENABLE_NS_ASSERTIONS = NO;
				ENABLE_STRICT_OBJC_MSGSEND = YES;
				GCC_C_LANGUAGE_STANDARD = gnu11;
				GCC_NO_COMMON_BLOCKS = YES;
				GCC_WARN_64_TO_32_BIT_CONVERSION = YES;
				GCC_WARN_ABOUT_RETURN_TYPE = YES_ERROR;
				GCC_WARN_UNDECLARED_SELECTOR = YES;
				GCC_WARN_UNINITIALIZED_AUTOS = YES_AGGRESSIVE;
				GCC_WARN_UNUSED_FUNCTION = YES;
				GCC_WARN_UNUSED_VARIABLE = YES;
				IPHONEOS_DEPLOYMENT_TARGET = 13.2;
				MTL_ENABLE_DEBUG_INFO = NO;
				MTL_FAST_MATH = YES;
				SDKROOT = iphoneos;
				SWIFT_COMPILATION_MODE = wholemodule;
				SWIFT_OPTIMIZATION_LEVEL = "-O";
				VALIDATE_PRODUCT = YES;
			};
			name = Release;
		};
		00F997FC24A75F8900454B9B /* Debug */ = {
			isa = XCBuildConfiguration;
			buildSettings = {
				ASSETCATALOG_COMPILER_APPICON_NAME = AppIcon;
				CODE_SIGN_STYLE = Automatic;
				DEVELOPMENT_ASSET_PATHS = "\"SwiftUIMovieApps/Preview Content\"";
				ENABLE_PREVIEWS = YES;
				INFOPLIST_FILE = SwiftUIMovieApps/Info.plist;
				LD_RUNPATH_SEARCH_PATHS = (
					"$(inherited)",
					"@executable_path/Frameworks",
				);
				PRODUCT_BUNDLE_IDENTIFIER = com.codingtive.SwiftUIMovieApps;
				PRODUCT_NAME = "$(TARGET_NAME)";
				SWIFT_VERSION = 5.0;
				TARGETED_DEVICE_FAMILY = "1,2";
			};
			name = Debug;
		};
		00F997FD24A75F8900454B9B /* Release */ = {
			isa = XCBuildConfiguration;
			buildSettings = {
				ASSETCATALOG_COMPILER_APPICON_NAME = AppIcon;
				CODE_SIGN_STYLE = Automatic;
				DEVELOPMENT_ASSET_PATHS = "\"SwiftUIMovieApps/Preview Content\"";
				ENABLE_PREVIEWS = YES;
				INFOPLIST_FILE = SwiftUIMovieApps/Info.plist;
				LD_RUNPATH_SEARCH_PATHS = (
					"$(inherited)",
					"@executable_path/Frameworks",
				);
				PRODUCT_BUNDLE_IDENTIFIER = com.codingtive.SwiftUIMovieApps;
				PRODUCT_NAME = "$(TARGET_NAME)";
				SWIFT_VERSION = 5.0;
				TARGETED_DEVICE_FAMILY = "1,2";
			};
			name = Release;
		};
/* End XCBuildConfiguration section */

/* Begin XCConfigurationList section */
		00F997E224A75F8700454B9B /* Build configuration list for PBXProject "SwiftUIMovieApps" */ = {
			isa = XCConfigurationList;
			buildConfigurations = (
				00F997F924A75F8900454B9B /* Debug */,
				00F997FA24A75F8900454B9B /* Release */,
			);
			defaultConfigurationIsVisible = 0;
			defaultConfigurationName = Release;
		};
		00F997FB24A75F8900454B9B /* Build configuration list for PBXNativeTarget "SwiftUIMovieApps" */ = {
			isa = XCConfigurationList;
			buildConfigurations = (
				00F997FC24A75F8900454B9B /* Debug */,
				00F997FD24A75F8900454B9B /* Release */,
			);
			defaultConfigurationIsVisible = 0;
			defaultConfigurationName = Release;
		};
/* End XCConfigurationList section */
	};
	rootObject = 00F997DF24A75F8700454B9B /* Project object */;
}
